
Microsoft Visual Studio Solution File, Format Version 12.00
# Visual Studio 14
VisualStudioVersion = 14.0.25420.1
MinimumVisualStudioVersion = 10.0.40219.1
Project("{8BC9CEB8-8B4A-11D0-8D11-00A0C91BC942}") = "Dx11.Luna", "Dx11.Luna\Dx11.Luna.vcxproj", "{6998A680-DB9A-49C4-8D01-80494522C62D}"
EndProject
Project("{8BC9CEB8-8B4A-11D0-8D11-00A0C91BC942}") = "CommonLib", "CommonLib\CommonLib.vcxproj", "{B7D6588E-06B1-46F6-8437-4B6FE167F0DD}"
EndProject
Project("{8BC9CEB8-8B4A-11D0-8D11-00A0C91BC942}") = "Chapter6.ShapesDemo", "Chapter6.Skull\Chapter6.Skull.vcxproj", "{B87DFBA9-DC51-4F88-9DA2-655D6F42ABAC}"
EndProject
Project("{8BC9CEB8-8B4A-11D0-8D11-00A0C91BC942}") = "Chapter6.BoxDemo", "Chapter6.BoxDemo\Chapter6.BoxDemo.vcxproj", "{4CAED0F3-71DD-45EE-8F14-52D480AA9A5D}"
EndProject
Project("{2150E333-8FDC-42A3-9474-1A3956D46DE8}") = "Solution Items", "Solution Items", "{14435A24-7800-40E0-9A64-E0642D3D9E03}"
	ProjectSection(SolutionItems) = preProject
		README.txt = README.txt
	EndProjectSection
EndProject
Project("{8BC9CEB8-8B4A-11D0-8D11-00A0C91BC942}") = "Chapter6.HillsDemo", "Chapter6.HillsDemo\Chapter6.HillsDemo.vcxproj", "{BDD0C16C-C8BC-49C1-BF25-0757C175103F}"
EndProject
Project("{8BC9CEB8-8B4A-11D0-8D11-00A0C91BC942}") = "Chapter6.SkullDemo", "Chapter6.SkullDemo\Chapter6.SkullDemo.vcxproj", "{3554C602-6621-41E8-86B7-A651B3FD55A1}"
EndProject
Project("{2150E333-8FDC-42A3-9474-1A3956D46DE8}") = "Chapter6", "Chapter6", "{534F03F5-D0FB-4F98-B664-2DBD857B0A42}"
EndProject
Project("{8BC9CEB8-8B4A-11D0-8D11-00A0C91BC942}") = "Chapter7.Lighting", "Chapter7.Lighting\Chapter7.Lighting.vcxproj", "{9FBE293E-1033-47DD-937D-999DF8D4943F}"
EndProject
Project("{2150E333-8FDC-42A3-9474-1A3956D46DE8}") = "Chapter7", "Chapter7", "{1F086FE6-E004-40B8-8479-5D9AAFF97C61}"
EndProject
Project("{8BC9CEB8-8B4A-11D0-8D11-00A0C91BC942}") = "Chapter7.LitSkull", "Chapter7.LitSkull\Chapter7.LitSkull.vcxproj", "{606AC801-9492-417B-BFFC-DD72AC9C29F0}"
EndProject
Project("{2150E333-8FDC-42A3-9474-1A3956D46DE8}") = "Chapter8", "Chapter8", "{057C069F-F67E-42CC-85AD-735652AD5BDC}"
EndProject
Project("{8BC9CEB8-8B4A-11D0-8D11-00A0C91BC942}") = "Chapter8.CrateDemo", "Chapter8.CrateDemo\Chapter8.CrateDemo.vcxproj", "{503A4707-035A-4E8F-936B-17E89D7BB016}"
EndProject
Project("{2150E333-8FDC-42A3-9474-1A3956D46DE8}") = "Chapter9", "Chapter9", "{9CFB4A12-A47A-4BF2-BC35-5077F391C579}"
EndProject
Project("{8BC9CEB8-8B4A-11D0-8D11-00A0C91BC942}") = "Chapter9.Blending", "Chapter9.Blending\Chapter9.Blending.vcxproj", "{77AC3A83-9541-4711-A7C5-5A41FDB17BAC}"
EndProject
Project("{2150E333-8FDC-42A3-9474-1A3956D46DE8}") = "Chapter10", "Chapter10", "{03EC6568-DC93-4ABD-B00A-8930842D609B}"
EndProject
Project("{8BC9CEB8-8B4A-11D0-8D11-00A0C91BC942}") = "Chapter10.Mirror", "Chapter10.Mirror\Chapter10.Mirror.vcxproj", "{0677C66F-8C8D-470C-B673-30F875226CD8}"
EndProject
Global
	GlobalSection(SolutionConfigurationPlatforms) = preSolution
		Debug|x64 = Debug|x64
		Debug|x86 = Debug|x86
		Release|x64 = Release|x64
		Release|x86 = Release|x86
	EndGlobalSection
	GlobalSection(ProjectConfigurationPlatforms) = postSolution
		{6998A680-DB9A-49C4-8D01-80494522C62D}.Debug|x64.ActiveCfg = Debug|x64
		{6998A680-DB9A-49C4-8D01-80494522C62D}.Debug|x64.Build.0 = Debug|x64
		{6998A680-DB9A-49C4-8D01-80494522C62D}.Debug|x86.ActiveCfg = Debug|Win32
		{6998A680-DB9A-49C4-8D01-80494522C62D}.Debug|x86.Build.0 = Debug|Win32
		{6998A680-DB9A-49C4-8D01-80494522C62D}.Release|x64.ActiveCfg = Release|x64
		{6998A680-DB9A-49C4-8D01-80494522C62D}.Release|x64.Build.0 = Release|x64
		{6998A680-DB9A-49C4-8D01-80494522C62D}.Release|x86.ActiveCfg = Release|Win32
		{6998A680-DB9A-49C4-8D01-80494522C62D}.Release|x86.Build.0 = Release|Win32
		{B7D6588E-06B1-46F6-8437-4B6FE167F0DD}.Debug|x64.ActiveCfg = Debug|x64
		{B7D6588E-06B1-46F6-8437-4B6FE167F0DD}.Debug|x64.Build.0 = Debug|x64
		{B7D6588E-06B1-46F6-8437-4B6FE167F0DD}.Debug|x86.ActiveCfg = Debug|Win32
		{B7D6588E-06B1-46F6-8437-4B6FE167F0DD}.Debug|x86.Build.0 = Debug|Win32
		{B7D6588E-06B1-46F6-8437-4B6FE167F0DD}.Release|x64.ActiveCfg = Release|x64
		{B7D6588E-06B1-46F6-8437-4B6FE167F0DD}.Release|x64.Build.0 = Release|x64
		{B7D6588E-06B1-46F6-8437-4B6FE167F0DD}.Release|x86.ActiveCfg = Release|Win32
		{B7D6588E-06B1-46F6-8437-4B6FE167F0DD}.Release|x86.Build.0 = Release|Win32
		{B87DFBA9-DC51-4F88-9DA2-655D6F42ABAC}.Debug|x64.ActiveCfg = Debug|x64
		{B87DFBA9-DC51-4F88-9DA2-655D6F42ABAC}.Debug|x64.Build.0 = Debug|x64
		{B87DFBA9-DC51-4F88-9DA2-655D6F42ABAC}.Debug|x86.ActiveCfg = Debug|Win32
		{B87DFBA9-DC51-4F88-9DA2-655D6F42ABAC}.Debug|x86.Build.0 = Debug|Win32
		{B87DFBA9-DC51-4F88-9DA2-655D6F42ABAC}.Release|x64.ActiveCfg = Release|x64
		{B87DFBA9-DC51-4F88-9DA2-655D6F42ABAC}.Release|x64.Build.0 = Release|x64
		{B87DFBA9-DC51-4F88-9DA2-655D6F42ABAC}.Release|x86.ActiveCfg = Release|Win32
		{B87DFBA9-DC51-4F88-9DA2-655D6F42ABAC}.Release|x86.Build.0 = Release|Win32
		{4CAED0F3-71DD-45EE-8F14-52D480AA9A5D}.Debug|x64.ActiveCfg = Debug|x64
		{4CAED0F3-71DD-45EE-8F14-52D480AA9A5D}.Debug|x64.Build.0 = Debug|x64
		{4CAED0F3-71DD-45EE-8F14-52D480AA9A5D}.Debug|x86.ActiveCfg = Debug|Win32
		{4CAED0F3-71DD-45EE-8F14-52D480AA9A5D}.Debug|x86.Build.0 = Debug|Win32
		{4CAED0F3-71DD-45EE-8F14-52D480AA9A5D}.Release|x64.ActiveCfg = Release|x64
		{4CAED0F3-71DD-45EE-8F14-52D480AA9A5D}.Release|x64.Build.0 = Release|x64
		{4CAED0F3-71DD-45EE-8F14-52D480AA9A5D}.Release|x86.ActiveCfg = Release|Win32
		{4CAED0F3-71DD-45EE-8F14-52D480AA9A5D}.Release|x86.Build.0 = Release|Win32
		{BDD0C16C-C8BC-49C1-BF25-0757C175103F}.Debug|x64.ActiveCfg = Debug|x64
		{BDD0C16C-C8BC-49C1-BF25-0757C175103F}.Debug|x64.Build.0 = Debug|x64
		{BDD0C16C-C8BC-49C1-BF25-0757C175103F}.Debug|x86.ActiveCfg = Debug|Win32
		{BDD0C16C-C8BC-49C1-BF25-0757C175103F}.Debug|x86.Build.0 = Debug|Win32
		{BDD0C16C-C8BC-49C1-BF25-0757C175103F}.Release|x64.ActiveCfg = Release|x64
		{BDD0C16C-C8BC-49C1-BF25-0757C175103F}.Release|x64.Build.0 = Release|x64
		{BDD0C16C-C8BC-49C1-BF25-0757C175103F}.Release|x86.ActiveCfg = Release|Win32
		{BDD0C16C-C8BC-49C1-BF25-0757C175103F}.Release|x86.Build.0 = Release|Win32
		{3554C602-6621-41E8-86B7-A651B3FD55A1}.Debug|x64.ActiveCfg = Debug|x64
		{3554C602-6621-41E8-86B7-A651B3FD55A1}.Debug|x64.Build.0 = Debug|x64
		{3554C602-6621-41E8-86B7-A651B3FD55A1}.Debug|x86.ActiveCfg = Debug|Win32
		{3554C602-6621-41E8-86B7-A651B3FD55A1}.Debug|x86.Build.0 = Debug|Win32
		{3554C602-6621-41E8-86B7-A651B3FD55A1}.Release|x64.ActiveCfg = Release|x64
		{3554C602-6621-41E8-86B7-A651B3FD55A1}.Release|x64.Build.0 = Release|x64
		{3554C602-6621-41E8-86B7-A651B3FD55A1}.Release|x86.ActiveCfg = Release|Win32
		{3554C602-6621-41E8-86B7-A651B3FD55A1}.Release|x86.Build.0 = Release|Win32
		{9FBE293E-1033-47DD-937D-999DF8D4943F}.Debug|x64.ActiveCfg = Debug|x64
		{9FBE293E-1033-47DD-937D-999DF8D4943F}.Debug|x64.Build.0 = Debug|x64
		{9FBE293E-1033-47DD-937D-999DF8D4943F}.Debug|x86.ActiveCfg = Debug|Win32
		{9FBE293E-1033-47DD-937D-999DF8D4943F}.Debug|x86.Build.0 = Debug|Win32
		{9FBE293E-1033-47DD-937D-999DF8D4943F}.Release|x64.ActiveCfg = Release|x64
		{9FBE293E-1033-47DD-937D-999DF8D4943F}.Release|x64.Build.0 = Release|x64
		{9FBE293E-1033-47DD-937D-999DF8D4943F}.Release|x86.ActiveCfg = Release|Win32
		{9FBE293E-1033-47DD-937D-999DF8D4943F}.Release|x86.Build.0 = Release|Win32
		{606AC801-9492-417B-BFFC-DD72AC9C29F0}.Debug|x64.ActiveCfg = Debug|x64
		{606AC801-9492-417B-BFFC-DD72AC9C29F0}.Debug|x64.Build.0 = Debug|x64
		{606AC801-9492-417B-BFFC-DD72AC9C29F0}.Debug|x86.ActiveCfg = Debug|Win32
		{606AC801-9492-417B-BFFC-DD72AC9C29F0}.Debug|x86.Build.0 = Debug|Win32
		{606AC801-9492-417B-BFFC-DD72AC9C29F0}.Release|x64.ActiveCfg = Release|x64
		{606AC801-9492-417B-BFFC-DD72AC9C29F0}.Release|x64.Build.0 = Release|x64
		{606AC801-9492-417B-BFFC-DD72AC9C29F0}.Release|x86.ActiveCfg = Release|Win32
		{606AC801-9492-417B-BFFC-DD72AC9C29F0}.Release|x86.Build.0 = Release|Win32
		{503A4707-035A-4E8F-936B-17E89D7BB016}.Debug|x64.ActiveCfg = Debug|x64
		{503A4707-035A-4E8F-936B-17E89D7BB016}.Debug|x64.Build.0 = Debug|x64
		{503A4707-035A-4E8F-936B-17E89D7BB016}.Debug|x86.ActiveCfg = Debug|Win32
		{503A4707-035A-4E8F-936B-17E89D7BB016}.Debug|x86.Build.0 = Debug|Win32
		{503A4707-035A-4E8F-936B-17E89D7BB016}.Release|x64.ActiveCfg = Release|x64
		{503A4707-035A-4E8F-936B-17E89D7BB016}.Release|x64.Build.0 = Release|x64
		{503A4707-035A-4E8F-936B-17E89D7BB016}.Release|x86.ActiveCfg = Release|Win32
		{503A4707-035A-4E8F-936B-17E89D7BB016}.Release|x86.Build.0 = Release|Win32
		{77AC3A83-9541-4711-A7C5-5A41FDB17BAC}.Debug|x64.ActiveCfg = Debug|x64
		{77AC3A83-9541-4711-A7C5-5A41FDB17BAC}.Debug|x64.Build.0 = Debug|x64
		{77AC3A83-9541-4711-A7C5-5A41FDB17BAC}.Debug|x86.ActiveCfg = Debug|Win32
		{77AC3A83-9541-4711-A7C5-5A41FDB17BAC}.Debug|x86.Build.0 = Debug|Win32
		{77AC3A83-9541-4711-A7C5-5A41FDB17BAC}.Release|x64.ActiveCfg = Release|x64
		{77AC3A83-9541-4711-A7C5-5A41FDB17BAC}.Release|x64.Build.0 = Release|x64
		{77AC3A83-9541-4711-A7C5-5A41FDB17BAC}.Release|x86.ActiveCfg = Release|Win32
		{77AC3A83-9541-4711-A7C5-5A41FDB17BAC}.Release|x86.Build.0 = Release|Win32
		{0677C66F-8C8D-470C-B673-30F875226CD8}.Debug|x64.ActiveCfg = Debug|x64
		{0677C66F-8C8D-470C-B673-30F875226CD8}.Debug|x64.Build.0 = Debug|x64
		{0677C66F-8C8D-470C-B673-30F875226CD8}.Debug|x86.ActiveCfg = Debug|Win32
		{0677C66F-8C8D-470C-B673-30F875226CD8}.Debug|x86.Build.0 = Debug|Win32
		{0677C66F-8C8D-470C-B673-30F875226CD8}.Release|x64.ActiveCfg = Release|x64
		{0677C66F-8C8D-470C-B673-30F875226CD8}.Release|x64.Build.0 = Release|x64
		{0677C66F-8C8D-470C-B673-30F875226CD8}.Release|x86.ActiveCfg = Release|Win32
		{0677C66F-8C8D-470C-B673-30F875226CD8}.Release|x86.Build.0 = Release|Win32
	EndGlobalSection
	GlobalSection(SolutionProperties) = preSolution
		HideSolutionNode = FALSE
	EndGlobalSection
	GlobalSection(NestedProjects) = preSolution
		{B87DFBA9-DC51-4F88-9DA2-655D6F42ABAC} = {534F03F5-D0FB-4F98-B664-2DBD857B0A42}
		{4CAED0F3-71DD-45EE-8F14-52D480AA9A5D} = {534F03F5-D0FB-4F98-B664-2DBD857B0A42}
		{BDD0C16C-C8BC-49C1-BF25-0757C175103F} = {534F03F5-D0FB-4F98-B664-2DBD857B0A42}
		{3554C602-6621-41E8-86B7-A651B3FD55A1} = {534F03F5-D0FB-4F98-B664-2DBD857B0A42}
		{9FBE293E-1033-47DD-937D-999DF8D4943F} = {1F086FE6-E004-40B8-8479-5D9AAFF97C61}
		{606AC801-9492-417B-BFFC-DD72AC9C29F0} = {1F086FE6-E004-40B8-8479-5D9AAFF97C61}
		{503A4707-035A-4E8F-936B-17E89D7BB016} = {057C069F-F67E-42CC-85AD-735652AD5BDC}
		{77AC3A83-9541-4711-A7C5-5A41FDB17BAC} = {9CFB4A12-A47A-4BF2-BC35-5077F391C579}
		{0677C66F-8C8D-470C-B673-30F875226CD8} = {03EC6568-DC93-4ABD-B00A-8930842D609B}
	EndGlobalSection
EndGlobal
